
Microsoft Visual Studio Solution File, Format Version 12.00
# Visual Studio Version 17
VisualStudioVersion = 17.10.34928.147
MinimumVisualStudioVersion = 10.0.40219.1
Project("{FAE04EC0-301F-11D3-BF4B-00C04F79EFBC}") = "MyHelperClassLibrary", "MyHelperClassLibrary.csproj", "{8911AC39-936B-45D8-A4BC-310FA84ACFC9}"
EndProject
Global
	GlobalSection(SolutionConfigurationPlatforms) = preSolution
		Debug|Any CPU = Debug|Any CPU
		Release|Any CPU = Release|Any CPU
	EndGlobalSection
	GlobalSection(ProjectConfigurationPlatforms) = postSolution
		{8911AC39-936B-45D8-A4BC-310FA84ACFC9}.Debug|Any CPU.ActiveCfg = Debug|Any CPU
		{8911AC39-936B-45D8-A4BC-310FA84ACFC9}.Debug|Any CPU.Build.0 = Debug|Any CPU
		{8911AC39-936B-45D8-A4BC-310FA84ACFC9}.Release|Any CPU.ActiveCfg = Release|Any CPU
		{8911AC39-936B-45D8-A4BC-310FA84ACFC9}.Release|Any CPU.Build.0 = Release|Any CPU
	EndGlobalSection
	GlobalSection(SolutionProperties) = preSolution
		HideSolutionNode = FALSE
	EndGlobalSection
	GlobalSection(ExtensibilityGlobals) = postSolution
		SolutionGuid = {FE9EC5DE-727E-4A31-8266-89F937F80B12}
	EndGlobalSection
EndGlobal
